
Microsoft Visual Studio Solution File, Format Version 12.00
# Visual Studio Version 17
VisualStudioVersion = 17.11.35312.102
MinimumVisualStudioVersion = 10.0.40219.1
Project("{FAE04EC0-301F-11D3-BF4B-00C04F79EFBC}") = "rogu like", "rogu like\rogu like.csproj", "{DA02B125-9297-4C5C-969C-BCB8A11F0C82}"
EndProject
Global
	GlobalSection(SolutionConfigurationPlatforms) = preSolution
		Debug|Any CPU = Debug|Any CPU
		Release|Any CPU = Release|Any CPU
	EndGlobalSection
	GlobalSection(ProjectConfigurationPlatforms) = postSolution
		{DA02B125-9297-4C5C-969C-BCB8A11F0C82}.Debug|Any CPU.ActiveCfg = Debug|Any CPU
		{DA02B125-9297-4C5C-969C-BCB8A11F0C82}.Debug|Any CPU.Build.0 = Debug|Any CPU
		{DA02B125-9297-4C5C-969C-BCB8A11F0C82}.Release|Any CPU.ActiveCfg = Release|Any CPU
		{DA02B125-9297-4C5C-969C-BCB8A11F0C82}.Release|Any CPU.Build.0 = Release|Any CPU
	EndGlobalSection
	GlobalSection(SolutionProperties) = preSolution
		HideSolutionNode = FALSE
	EndGlobalSection
	GlobalSection(ExtensibilityGlobals) = postSolution
		SolutionGuid = {C4466390-2B9F-4369-81A3-486BD883CF3A}
	EndGlobalSection
EndGlobal
